
Microsoft Visual Studio Solution File, Format Version 12.00
# Visual Studio Version 16
VisualStudioVersion = 16.0.29806.167
MinimumVisualStudioVersion = 10.0.40219.1
Project("{2150E333-8FDC-42A3-9474-1A3956D46DE8}") = "0 - Core", "0 - Core", "{84D21683-1BAD-48AF-82F2-5D60E09C8C1F}"
EndProject
Project("{2150E333-8FDC-42A3-9474-1A3956D46DE8}") = "1 - InvoiceImporter", "1 - InvoiceImporter", "{8FDC71DF-073B-4988-9C1D-A05137154061}"
EndProject
Project("{2150E333-8FDC-42A3-9474-1A3956D46DE8}") = "1 - Presentation", "1 - Presentation", "{B78925F1-71AA-4A93-A4FC-C8E971EA9087}"
EndProject
Project("{2150E333-8FDC-42A3-9474-1A3956D46DE8}") = "2 - Service", "2 - Service", "{2F044CC9-D8F9-4AC7-BA2C-827AD39783E0}"
EndProject
Project("{2150E333-8FDC-42A3-9474-1A3956D46DE8}") = "3 - Application", "3 - Application", "{C6711D89-60A9-4C3E-9591-DF8553EEE3E4}"
EndProject
Project("{2150E333-8FDC-42A3-9474-1A3956D46DE8}") = "4 - Domain", "4 - Domain", "{F1057E4B-6F70-4FA9-A1D5-4E7CF4FF19C1}"
EndProject
Project("{2150E333-8FDC-42A3-9474-1A3956D46DE8}") = "5 - Infra", "5 - Infra", "{6A763A36-718B-47E9-91A6-ABE370C61A46}"
EndProject
Project("{2150E333-8FDC-42A3-9474-1A3956D46DE8}") = "5.2 - Data", "5.2 - Data", "{4C3ACCDF-FE29-442F-A220-36C1029227A4}"
EndProject
Project("{2150E333-8FDC-42A3-9474-1A3956D46DE8}") = "5.1 - CrossCutting", "5.1 - CrossCutting", "{C520874A-B04B-40EF-BEC5-A978C62F47BC}"
EndProject
Project("{2150E333-8FDC-42A3-9474-1A3956D46DE8}") = "5.3 - IoC", "5.3 - IoC", "{A4F0D595-C8E7-4505-BA96-60BE10B856A1}"
EndProject
Project("{2150E333-8FDC-42A3-9474-1A3956D46DE8}") = "1 - Presentation", "1 - Presentation", "{FBE1BA08-5C21-4622-BA34-7BA169F343D4}"
EndProject
Project("{2150E333-8FDC-42A3-9474-1A3956D46DE8}") = "2 - Service", "2 - Service", "{03D27486-E668-48B1-91C9-E41C2241C870}"
EndProject
Project("{2150E333-8FDC-42A3-9474-1A3956D46DE8}") = "3 - Application", "3 - Application", "{B12229F5-7A2D-4D00-9E7E-7E7AEA973A94}"
EndProject
Project("{2150E333-8FDC-42A3-9474-1A3956D46DE8}") = "4 - Domain", "4 - Domain", "{C76D5C28-5457-4D3F-BE11-A2C3E49751DC}"
EndProject
Project("{2150E333-8FDC-42A3-9474-1A3956D46DE8}") = "5 - Infra", "5 - Infra", "{BE80A209-BCE9-4305-BB11-2B8B8A5CE274}"
EndProject
Project("{2150E333-8FDC-42A3-9474-1A3956D46DE8}") = "5.1 - CrossCutting", "5.1 - CrossCutting", "{4848BD8E-EC3B-456A-B315-60E6C41D8C4A}"
EndProject
Project("{2150E333-8FDC-42A3-9474-1A3956D46DE8}") = "5.2 - Data", "5.2 - Data", "{48F0AAB3-F150-4637-BB78-1977315842CB}"
EndProject
Project("{2150E333-8FDC-42A3-9474-1A3956D46DE8}") = "5.3 - IoC", "5.3 - IoC", "{CF94231A-6131-44CF-BAD8-825C680E3C37}"
EndProject
Project("{9A19103F-16F7-4668-BE54-9A1E7A4F7556}") = "Demo.Core.Infra.CrossCutting", "src\Core\Demo.Core.Infra.CrossCutting\Demo.Core.Infra.CrossCutting.csproj", "{8B123E0A-D063-4EE2-850A-B3F5B9C5FEA1}"
EndProject
Project("{9A19103F-16F7-4668-BE54-9A1E7A4F7556}") = "Demo.Core.Domain", "src\Core\Demo.Core.Domain\Demo.Core.Domain.csproj", "{F5294A82-AE3F-47B7-81A2-A59A61596B8C}"
EndProject
Project("{9A19103F-16F7-4668-BE54-9A1E7A4F7556}") = "Demo.Core.Infra.Data", "src\Core\Demo.Core.Infra.Data\Demo.Core.Infra.Data.csproj", "{2A1D75A8-0651-41C5-9069-A3C8654DA52C}"
EndProject
Project("{9A19103F-16F7-4668-BE54-9A1E7A4F7556}") = "Demo.Core.Application", "src\Core\Demo.Core.Application\Demo.Core.Application.csproj", "{C411CC4D-A96B-4F76-BE05-770D1C54C723}"
EndProject
Project("{9A19103F-16F7-4668-BE54-9A1E7A4F7556}") = "Demo.Core.Application.WebApi", "src\Core\Demo.Core.Application.WebApi\Demo.Core.Application.WebApi.csproj", "{02E07A94-DA51-496D-84E3-0DDD7D9277F7}"
EndProject
Project("{9A19103F-16F7-4668-BE54-9A1E7A4F7556}") = "Demo.Core.Service", "src\Core\Demo.Core.Service\Demo.Core.Service.csproj", "{7E7D689F-9EAE-422E-B715-53BD6F573E28}"
EndProject
Project("{9A19103F-16F7-4668-BE54-9A1E7A4F7556}") = "Demo.Core.Service.WebApi", "src\Core\Demo.Core.Service.WebApi\Demo.Core.Service.WebApi.csproj", "{61429105-95E0-4E53-8623-730456BCDB0A}"
EndProject
Project("{9A19103F-16F7-4668-BE54-9A1E7A4F7556}") = "Demo.Core.Presentation.ConsoleApp", "src\Core\Demo.Core.Presentation.ConsoleApp\Demo.Core.Presentation.ConsoleApp.csproj", "{8ACE0F99-7CDB-452C-A690-9987C945A913}"
EndProject
Project("{9A19103F-16F7-4668-BE54-9A1E7A4F7556}") = "Demo.Core.Infra.IoC", "src\Core\Demo.Core.Infra.IoC\Demo.Core.Infra.IoC.csproj", "{4FFF015C-225F-4D4A-9AAD-A8B065B9CEA1}"
EndProject
Project("{FAE04EC0-301F-11D3-BF4B-00C04F79EFBC}") = "Demo.Core.Infra.IoC.WebApi", "src\Core\Demo.Core.Infra.IoC.WebApi\Demo.Core.Infra.IoC.WebApi.csproj", "{80BF2AAA-A640-47C3-9148-CAD1C87F99CE}"
EndProject
Project("{FAE04EC0-301F-11D3-BF4B-00C04F79EFBC}") = "Demo.InvoiceImporter.Infra.CrossCutting", "src\InvoiceImporter\Demo.InvoiceImporter.Infra.CrossCutting\Demo.InvoiceImporter.Infra.CrossCutting.csproj", "{A2E5AE6C-0FD1-4964-88D5-F5E6BC64B68E}"
EndProject
Project("{FAE04EC0-301F-11D3-BF4B-00C04F79EFBC}") = "Demo.InvoiceImporter.Domain", "src\InvoiceImporter\Demo.InvoiceImporter.Domain\Demo.InvoiceImporter.Domain.csproj", "{3EB9DBB1-4831-4BFB-B663-416D9A5435CC}"
EndProject
Project("{FAE04EC0-301F-11D3-BF4B-00C04F79EFBC}") = "Demo.InvoiceImporter.Infra.Data", "src\InvoiceImporter\Demo.InvoiceImporter.Infra.Data\Demo.InvoiceImporter.Infra.Data.csproj", "{B6B11225-CBD5-4C19-AA2C-B7B033B77A8A}"
EndProject
Project("{FAE04EC0-301F-11D3-BF4B-00C04F79EFBC}") = "Demo.InvoiceImporter.Application", "src\InvoiceImporter\Demo.InvoiceImporter.Application\Demo.InvoiceImporter.Application.csproj", "{00646239-ACD7-4742-90C6-7161336EDE60}"
EndProject
Project("{FAE04EC0-301F-11D3-BF4B-00C04F79EFBC}") = "Demo.InvoiceImporter.Application.WebApi", "src\InvoiceImporter\Demo.InvoiceImporter.Application.WebApi\Demo.InvoiceImporter.Application.WebApi.csproj", "{8C6F5287-07FC-4298-A292-9F3565696862}"
EndProject
Project("{FAE04EC0-301F-11D3-BF4B-00C04F79EFBC}") = "Demo.InvoiceImporter.Service", "src\InvoiceImporter\Demo.InvoiceImporter.Service\Demo.InvoiceImporter.Service.csproj", "{212852AB-934D-40DC-9526-63AA4A34CC0F}"
EndProject
Project("{FAE04EC0-301F-11D3-BF4B-00C04F79EFBC}") = "Demo.InvoiceImporter.Infra.Data.IoC", "src\InvoiceImporter\Demo.InvoiceImporter.Infra.Data.IoC\Demo.InvoiceImporter.Infra.Data.IoC.csproj", "{856CBF08-C171-43E0-BEFF-2F4495C1010C}"
EndProject
Project("{FAE04EC0-301F-11D3-BF4B-00C04F79EFBC}") = "Demo.InvoiceImporter.Infra.Data.IoC.WebApi.WebApp", "src\InvoiceImporter\Demo.InvoiceImporter.Infra.Data.IoC.WebApi.WebApp\Demo.InvoiceImporter.Infra.Data.IoC.WebApi.WebApp.csproj", "{FDF3E13F-EE06-4F88-91B0-BDFFCDF2519C}"
EndProject
Project("{FAE04EC0-301F-11D3-BF4B-00C04F79EFBC}") = "Demo.InvoiceImporter.Infra.Data.IoC.WebApi.MobileApp", "src\InvoiceImporter\Demo.InvoiceImporter.Infra.Data.IoC.WebApi.MobileApp\Demo.InvoiceImporter.Infra.Data.IoC.WebApi.MobileApp.csproj", "{CAA9E3D4-44D4-4673-9548-DBE382B7D3E6}"
EndProject
Project("{FAE04EC0-301F-11D3-BF4B-00C04F79EFBC}") = "Demo.InvoiceImporter.Application.WebApi.WebApp", "src\InvoiceImporter\Demo.InvoiceImporter.Application.WebApi.WebApp\Demo.InvoiceImporter.Application.WebApi.WebApp.csproj", "{D6F2D30F-13C5-43B5-B12B-28B60CFC07E1}"
EndProject
Project("{FAE04EC0-301F-11D3-BF4B-00C04F79EFBC}") = "Demo.InvoiceImporter.Application.WebApi.MobileApp", "src\InvoiceImporter\Demo.InvoiceImporter.Application.WebApi.MobileApp\Demo.InvoiceImporter.Application.WebApi.MobileApp.csproj", "{FED72140-5C4D-48A2-8402-3D2843548FC6}"
EndProject
Project("{FAE04EC0-301F-11D3-BF4B-00C04F79EFBC}") = "Demo.InvoiceImporter.Application.WebApi.MobileApp.ViewModels", "src\InvoiceImporter\Demo.InvoiceImporter.Application.WebApi.MobileApp.ViewModels\Demo.InvoiceImporter.Application.WebApi.MobileApp.ViewModels.csproj", "{40F36251-4FEE-4AB3-B803-E4E3C5ED2C4A}"
EndProject
Project("{FAE04EC0-301F-11D3-BF4B-00C04F79EFBC}") = "Demo.InvoiceImporter.Application.WebApi.WebApp.ViewModels", "src\InvoiceImporter\Demo.InvoiceImporter.Application.WebApi.WebApp.ViewModels\Demo.InvoiceImporter.Application.WebApi.WebApp.ViewModels.csproj", "{92EAA5A1-8876-4ECA-BE8F-A2A74D0D9D12}"
EndProject
Project("{FAE04EC0-301F-11D3-BF4B-00C04F79EFBC}") = "Demo.InvoiceImporter.Service.WebApi.WebApp", "src\InvoiceImporter\Demo.InvoiceImporter.Service.WebApi.WebApp\Demo.InvoiceImporter.Service.WebApi.WebApp.csproj", "{493FB418-3689-4010-9D74-1582DB289892}"
EndProject
Project("{FAE04EC0-301F-11D3-BF4B-00C04F79EFBC}") = "Demo.InvoiceImporter.Service.WebApi.MobileApp", "src\InvoiceImporter\Demo.InvoiceImporter.Service.WebApi.MobileApp\Demo.InvoiceImporter.Service.WebApi.MobileApp.csproj", "{533DB6F1-51B2-4B6D-923B-BFD512EDF8A4}"
EndProject
Project("{FAE04EC0-301F-11D3-BF4B-00C04F79EFBC}") = "Demo.InvoiceImporter.Presentation.ConsoleApp", "src\InvoiceImporter\Demo.InvoiceImporter.Presentation.ConsoleApp\Demo.InvoiceImporter.Presentation.ConsoleApp.csproj", "{D8159087-C782-4269-BD58-8D656EA791A5}"
EndProject
Project("{FAE04EC0-301F-11D3-BF4B-00C04F79EFBC}") = "Demo.InvoiceImporter.Presentation.ConsoleApp.WebApp", "src\InvoiceImporter\Demo.InvoiceImporter.Presentation.ConsoleApp.WebApp\Demo.InvoiceImporter.Presentation.ConsoleApp.WebApp.csproj", "{9F8C9F47-710B-4CF0-87EA-48421FD36F91}"
EndProject
Project("{FAE04EC0-301F-11D3-BF4B-00C04F79EFBC}") = "Demo.InvoiceImporter.Presentation.ConsoleApp.MobileApp", "src\InvoiceImporter\Demo.InvoiceImporter.Presentation.ConsoleApp.MobileApp\Demo.InvoiceImporter.Presentation.ConsoleApp.MobileApp.csproj", "{D695F7B3-BD4D-4107-BA2F-8A5CA89AFB56}"
EndProject
Global
	GlobalSection(SolutionConfigurationPlatforms) = preSolution
		Debug|Any CPU = Debug|Any CPU
		Release|Any CPU = Release|Any CPU
	EndGlobalSection
	GlobalSection(ProjectConfigurationPlatforms) = postSolution
		{8B123E0A-D063-4EE2-850A-B3F5B9C5FEA1}.Debug|Any CPU.ActiveCfg = Debug|Any CPU
		{8B123E0A-D063-4EE2-850A-B3F5B9C5FEA1}.Debug|Any CPU.Build.0 = Debug|Any CPU
		{8B123E0A-D063-4EE2-850A-B3F5B9C5FEA1}.Release|Any CPU.ActiveCfg = Release|Any CPU
		{8B123E0A-D063-4EE2-850A-B3F5B9C5FEA1}.Release|Any CPU.Build.0 = Release|Any CPU
		{F5294A82-AE3F-47B7-81A2-A59A61596B8C}.Debug|Any CPU.ActiveCfg = Debug|Any CPU
		{F5294A82-AE3F-47B7-81A2-A59A61596B8C}.Debug|Any CPU.Build.0 = Debug|Any CPU
		{F5294A82-AE3F-47B7-81A2-A59A61596B8C}.Release|Any CPU.ActiveCfg = Release|Any CPU
		{F5294A82-AE3F-47B7-81A2-A59A61596B8C}.Release|Any CPU.Build.0 = Release|Any CPU
		{2A1D75A8-0651-41C5-9069-A3C8654DA52C}.Debug|Any CPU.ActiveCfg = Debug|Any CPU
		{2A1D75A8-0651-41C5-9069-A3C8654DA52C}.Debug|Any CPU.Build.0 = Debug|Any CPU
		{2A1D75A8-0651-41C5-9069-A3C8654DA52C}.Release|Any CPU.ActiveCfg = Release|Any CPU
		{2A1D75A8-0651-41C5-9069-A3C8654DA52C}.Release|Any CPU.Build.0 = Release|Any CPU
		{C411CC4D-A96B-4F76-BE05-770D1C54C723}.Debug|Any CPU.ActiveCfg = Debug|Any CPU
		{C411CC4D-A96B-4F76-BE05-770D1C54C723}.Debug|Any CPU.Build.0 = Debug|Any CPU
		{C411CC4D-A96B-4F76-BE05-770D1C54C723}.Release|Any CPU.ActiveCfg = Release|Any CPU
		{C411CC4D-A96B-4F76-BE05-770D1C54C723}.Release|Any CPU.Build.0 = Release|Any CPU
		{02E07A94-DA51-496D-84E3-0DDD7D9277F7}.Debug|Any CPU.ActiveCfg = Debug|Any CPU
		{02E07A94-DA51-496D-84E3-0DDD7D9277F7}.Debug|Any CPU.Build.0 = Debug|Any CPU
		{02E07A94-DA51-496D-84E3-0DDD7D9277F7}.Release|Any CPU.ActiveCfg = Release|Any CPU
		{02E07A94-DA51-496D-84E3-0DDD7D9277F7}.Release|Any CPU.Build.0 = Release|Any CPU
		{7E7D689F-9EAE-422E-B715-53BD6F573E28}.Debug|Any CPU.ActiveCfg = Debug|Any CPU
		{7E7D689F-9EAE-422E-B715-53BD6F573E28}.Debug|Any CPU.Build.0 = Debug|Any CPU
		{7E7D689F-9EAE-422E-B715-53BD6F573E28}.Release|Any CPU.ActiveCfg = Release|Any CPU
		{7E7D689F-9EAE-422E-B715-53BD6F573E28}.Release|Any CPU.Build.0 = Release|Any CPU
		{61429105-95E0-4E53-8623-730456BCDB0A}.Debug|Any CPU.ActiveCfg = Debug|Any CPU
		{61429105-95E0-4E53-8623-730456BCDB0A}.Debug|Any CPU.Build.0 = Debug|Any CPU
		{61429105-95E0-4E53-8623-730456BCDB0A}.Release|Any CPU.ActiveCfg = Release|Any CPU
		{61429105-95E0-4E53-8623-730456BCDB0A}.Release|Any CPU.Build.0 = Release|Any CPU
		{8ACE0F99-7CDB-452C-A690-9987C945A913}.Debug|Any CPU.ActiveCfg = Debug|Any CPU
		{8ACE0F99-7CDB-452C-A690-9987C945A913}.Debug|Any CPU.Build.0 = Debug|Any CPU
		{8ACE0F99-7CDB-452C-A690-9987C945A913}.Release|Any CPU.ActiveCfg = Release|Any CPU
		{8ACE0F99-7CDB-452C-A690-9987C945A913}.Release|Any CPU.Build.0 = Release|Any CPU
		{4FFF015C-225F-4D4A-9AAD-A8B065B9CEA1}.Debug|Any CPU.ActiveCfg = Debug|Any CPU
		{4FFF015C-225F-4D4A-9AAD-A8B065B9CEA1}.Debug|Any CPU.Build.0 = Debug|Any CPU
		{4FFF015C-225F-4D4A-9AAD-A8B065B9CEA1}.Release|Any CPU.ActiveCfg = Release|Any CPU
		{4FFF015C-225F-4D4A-9AAD-A8B065B9CEA1}.Release|Any CPU.Build.0 = Release|Any CPU
		{80BF2AAA-A640-47C3-9148-CAD1C87F99CE}.Debug|Any CPU.ActiveCfg = Debug|Any CPU
		{80BF2AAA-A640-47C3-9148-CAD1C87F99CE}.Debug|Any CPU.Build.0 = Debug|Any CPU
		{80BF2AAA-A640-47C3-9148-CAD1C87F99CE}.Release|Any CPU.ActiveCfg = Release|Any CPU
		{80BF2AAA-A640-47C3-9148-CAD1C87F99CE}.Release|Any CPU.Build.0 = Release|Any CPU
		{A2E5AE6C-0FD1-4964-88D5-F5E6BC64B68E}.Debug|Any CPU.ActiveCfg = Debug|Any CPU
		{A2E5AE6C-0FD1-4964-88D5-F5E6BC64B68E}.Debug|Any CPU.Build.0 = Debug|Any CPU
		{A2E5AE6C-0FD1-4964-88D5-F5E6BC64B68E}.Release|Any CPU.ActiveCfg = Release|Any CPU
		{A2E5AE6C-0FD1-4964-88D5-F5E6BC64B68E}.Release|Any CPU.Build.0 = Release|Any CPU
		{3EB9DBB1-4831-4BFB-B663-416D9A5435CC}.Debug|Any CPU.ActiveCfg = Debug|Any CPU
		{3EB9DBB1-4831-4BFB-B663-416D9A5435CC}.Debug|Any CPU.Build.0 = Debug|Any CPU
		{3EB9DBB1-4831-4BFB-B663-416D9A5435CC}.Release|Any CPU.ActiveCfg = Release|Any CPU
		{3EB9DBB1-4831-4BFB-B663-416D9A5435CC}.Release|Any CPU.Build.0 = Release|Any CPU
		{B6B11225-CBD5-4C19-AA2C-B7B033B77A8A}.Debug|Any CPU.ActiveCfg = Debug|Any CPU
		{B6B11225-CBD5-4C19-AA2C-B7B033B77A8A}.Debug|Any CPU.Build.0 = Debug|Any CPU
		{B6B11225-CBD5-4C19-AA2C-B7B033B77A8A}.Release|Any CPU.ActiveCfg = Release|Any CPU
		{B6B11225-CBD5-4C19-AA2C-B7B033B77A8A}.Release|Any CPU.Build.0 = Release|Any CPU
		{00646239-ACD7-4742-90C6-7161336EDE60}.Debug|Any CPU.ActiveCfg = Debug|Any CPU
		{00646239-ACD7-4742-90C6-7161336EDE60}.Debug|Any CPU.Build.0 = Debug|Any CPU
		{00646239-ACD7-4742-90C6-7161336EDE60}.Release|Any CPU.ActiveCfg = Release|Any CPU
		{00646239-ACD7-4742-90C6-7161336EDE60}.Release|Any CPU.Build.0 = Release|Any CPU
		{8C6F5287-07FC-4298-A292-9F3565696862}.Debug|Any CPU.ActiveCfg = Debug|Any CPU
		{8C6F5287-07FC-4298-A292-9F3565696862}.Debug|Any CPU.Build.0 = Debug|Any CPU
		{8C6F5287-07FC-4298-A292-9F3565696862}.Release|Any CPU.ActiveCfg = Release|Any CPU
		{8C6F5287-07FC-4298-A292-9F3565696862}.Release|Any CPU.Build.0 = Release|Any CPU
		{212852AB-934D-40DC-9526-63AA4A34CC0F}.Debug|Any CPU.ActiveCfg = Debug|Any CPU
		{212852AB-934D-40DC-9526-63AA4A34CC0F}.Debug|Any CPU.Build.0 = Debug|Any CPU
		{212852AB-934D-40DC-9526-63AA4A34CC0F}.Release|Any CPU.ActiveCfg = Release|Any CPU
		{212852AB-934D-40DC-9526-63AA4A34CC0F}.Release|Any CPU.Build.0 = Release|Any CPU
		{856CBF08-C171-43E0-BEFF-2F4495C1010C}.Debug|Any CPU.ActiveCfg = Debug|Any CPU
		{856CBF08-C171-43E0-BEFF-2F4495C1010C}.Debug|Any CPU.Build.0 = Debug|Any CPU
		{856CBF08-C171-43E0-BEFF-2F4495C1010C}.Release|Any CPU.ActiveCfg = Release|Any CPU
		{856CBF08-C171-43E0-BEFF-2F4495C1010C}.Release|Any CPU.Build.0 = Release|Any CPU
		{FDF3E13F-EE06-4F88-91B0-BDFFCDF2519C}.Debug|Any CPU.ActiveCfg = Debug|Any CPU
		{FDF3E13F-EE06-4F88-91B0-BDFFCDF2519C}.Debug|Any CPU.Build.0 = Debug|Any CPU
		{FDF3E13F-EE06-4F88-91B0-BDFFCDF2519C}.Release|Any CPU.ActiveCfg = Release|Any CPU
		{FDF3E13F-EE06-4F88-91B0-BDFFCDF2519C}.Release|Any CPU.Build.0 = Release|Any CPU
		{CAA9E3D4-44D4-4673-9548-DBE382B7D3E6}.Debug|Any CPU.ActiveCfg = Debug|Any CPU
		{CAA9E3D4-44D4-4673-9548-DBE382B7D3E6}.Debug|Any CPU.Build.0 = Debug|Any CPU
		{CAA9E3D4-44D4-4673-9548-DBE382B7D3E6}.Release|Any CPU.ActiveCfg = Release|Any CPU
		{CAA9E3D4-44D4-4673-9548-DBE382B7D3E6}.Release|Any CPU.Build.0 = Release|Any CPU
		{D6F2D30F-13C5-43B5-B12B-28B60CFC07E1}.Debug|Any CPU.ActiveCfg = Debug|Any CPU
		{D6F2D30F-13C5-43B5-B12B-28B60CFC07E1}.Debug|Any CPU.Build.0 = Debug|Any CPU
		{D6F2D30F-13C5-43B5-B12B-28B60CFC07E1}.Release|Any CPU.ActiveCfg = Release|Any CPU
		{D6F2D30F-13C5-43B5-B12B-28B60CFC07E1}.Release|Any CPU.Build.0 = Release|Any CPU
		{FED72140-5C4D-48A2-8402-3D2843548FC6}.Debug|Any CPU.ActiveCfg = Debug|Any CPU
		{FED72140-5C4D-48A2-8402-3D2843548FC6}.Debug|Any CPU.Build.0 = Debug|Any CPU
		{FED72140-5C4D-48A2-8402-3D2843548FC6}.Release|Any CPU.ActiveCfg = Release|Any CPU
		{FED72140-5C4D-48A2-8402-3D2843548FC6}.Release|Any CPU.Build.0 = Release|Any CPU
		{40F36251-4FEE-4AB3-B803-E4E3C5ED2C4A}.Debug|Any CPU.ActiveCfg = Debug|Any CPU
		{40F36251-4FEE-4AB3-B803-E4E3C5ED2C4A}.Debug|Any CPU.Build.0 = Debug|Any CPU
		{40F36251-4FEE-4AB3-B803-E4E3C5ED2C4A}.Release|Any CPU.ActiveCfg = Release|Any CPU
		{40F36251-4FEE-4AB3-B803-E4E3C5ED2C4A}.Release|Any CPU.Build.0 = Release|Any CPU
		{92EAA5A1-8876-4ECA-BE8F-A2A74D0D9D12}.Debug|Any CPU.ActiveCfg = Debug|Any CPU
		{92EAA5A1-8876-4ECA-BE8F-A2A74D0D9D12}.Debug|Any CPU.Build.0 = Debug|Any CPU
		{92EAA5A1-8876-4ECA-BE8F-A2A74D0D9D12}.Release|Any CPU.ActiveCfg = Release|Any CPU
		{92EAA5A1-8876-4ECA-BE8F-A2A74D0D9D12}.Release|Any CPU.Build.0 = Release|Any CPU
		{493FB418-3689-4010-9D74-1582DB289892}.Debug|Any CPU.ActiveCfg = Debug|Any CPU
		{493FB418-3689-4010-9D74-1582DB289892}.Debug|Any CPU.Build.0 = Debug|Any CPU
		{493FB418-3689-4010-9D74-1582DB289892}.Release|Any CPU.ActiveCfg = Release|Any CPU
		{493FB418-3689-4010-9D74-1582DB289892}.Release|Any CPU.Build.0 = Release|Any CPU
		{533DB6F1-51B2-4B6D-923B-BFD512EDF8A4}.Debug|Any CPU.ActiveCfg = Debug|Any CPU
		{533DB6F1-51B2-4B6D-923B-BFD512EDF8A4}.Debug|Any CPU.Build.0 = Debug|Any CPU
		{533DB6F1-51B2-4B6D-923B-BFD512EDF8A4}.Release|Any CPU.ActiveCfg = Release|Any CPU
		{533DB6F1-51B2-4B6D-923B-BFD512EDF8A4}.Release|Any CPU.Build.0 = Release|Any CPU
		{D8159087-C782-4269-BD58-8D656EA791A5}.Debug|Any CPU.ActiveCfg = Debug|Any CPU
		{D8159087-C782-4269-BD58-8D656EA791A5}.Debug|Any CPU.Build.0 = Debug|Any CPU
		{D8159087-C782-4269-BD58-8D656EA791A5}.Release|Any CPU.ActiveCfg = Release|Any CPU
		{D8159087-C782-4269-BD58-8D656EA791A5}.Release|Any CPU.Build.0 = Release|Any CPU
		{9F8C9F47-710B-4CF0-87EA-48421FD36F91}.Debug|Any CPU.ActiveCfg = Debug|Any CPU
		{9F8C9F47-710B-4CF0-87EA-48421FD36F91}.Debug|Any CPU.Build.0 = Debug|Any CPU
		{9F8C9F47-710B-4CF0-87EA-48421FD36F91}.Release|Any CPU.ActiveCfg = Release|Any CPU
		{9F8C9F47-710B-4CF0-87EA-48421FD36F91}.Release|Any CPU.Build.0 = Release|Any CPU
		{D695F7B3-BD4D-4107-BA2F-8A5CA89AFB56}.Debug|Any CPU.ActiveCfg = Debug|Any CPU
		{D695F7B3-BD4D-4107-BA2F-8A5CA89AFB56}.Debug|Any CPU.Build.0 = Debug|Any CPU
		{D695F7B3-BD4D-4107-BA2F-8A5CA89AFB56}.Release|Any CPU.ActiveCfg = Release|Any CPU
		{D695F7B3-BD4D-4107-BA2F-8A5CA89AFB56}.Release|Any CPU.Build.0 = Release|Any CPU
	EndGlobalSection
	GlobalSection(SolutionProperties) = preSolution
		HideSolutionNode = FALSE
	EndGlobalSection
	GlobalSection(NestedProjects) = preSolution
		{B78925F1-71AA-4A93-A4FC-C8E971EA9087} = {84D21683-1BAD-48AF-82F2-5D60E09C8C1F}
		{2F044CC9-D8F9-4AC7-BA2C-827AD39783E0} = {84D21683-1BAD-48AF-82F2-5D60E09C8C1F}
		{C6711D89-60A9-4C3E-9591-DF8553EEE3E4} = {84D21683-1BAD-48AF-82F2-5D60E09C8C1F}
		{F1057E4B-6F70-4FA9-A1D5-4E7CF4FF19C1} = {84D21683-1BAD-48AF-82F2-5D60E09C8C1F}
		{6A763A36-718B-47E9-91A6-ABE370C61A46} = {84D21683-1BAD-48AF-82F2-5D60E09C8C1F}
		{4C3ACCDF-FE29-442F-A220-36C1029227A4} = {6A763A36-718B-47E9-91A6-ABE370C61A46}
		{C520874A-B04B-40EF-BEC5-A978C62F47BC} = {6A763A36-718B-47E9-91A6-ABE370C61A46}
		{A4F0D595-C8E7-4505-BA96-60BE10B856A1} = {6A763A36-718B-47E9-91A6-ABE370C61A46}
		{FBE1BA08-5C21-4622-BA34-7BA169F343D4} = {8FDC71DF-073B-4988-9C1D-A05137154061}
		{03D27486-E668-48B1-91C9-E41C2241C870} = {8FDC71DF-073B-4988-9C1D-A05137154061}
		{B12229F5-7A2D-4D00-9E7E-7E7AEA973A94} = {8FDC71DF-073B-4988-9C1D-A05137154061}
		{C76D5C28-5457-4D3F-BE11-A2C3E49751DC} = {8FDC71DF-073B-4988-9C1D-A05137154061}
		{BE80A209-BCE9-4305-BB11-2B8B8A5CE274} = {8FDC71DF-073B-4988-9C1D-A05137154061}
		{4848BD8E-EC3B-456A-B315-60E6C41D8C4A} = {BE80A209-BCE9-4305-BB11-2B8B8A5CE274}
		{48F0AAB3-F150-4637-BB78-1977315842CB} = {BE80A209-BCE9-4305-BB11-2B8B8A5CE274}
		{CF94231A-6131-44CF-BAD8-825C680E3C37} = {BE80A209-BCE9-4305-BB11-2B8B8A5CE274}
		{8B123E0A-D063-4EE2-850A-B3F5B9C5FEA1} = {C520874A-B04B-40EF-BEC5-A978C62F47BC}
		{F5294A82-AE3F-47B7-81A2-A59A61596B8C} = {F1057E4B-6F70-4FA9-A1D5-4E7CF4FF19C1}
		{2A1D75A8-0651-41C5-9069-A3C8654DA52C} = {4C3ACCDF-FE29-442F-A220-36C1029227A4}
		{C411CC4D-A96B-4F76-BE05-770D1C54C723} = {C6711D89-60A9-4C3E-9591-DF8553EEE3E4}
		{02E07A94-DA51-496D-84E3-0DDD7D9277F7} = {C6711D89-60A9-4C3E-9591-DF8553EEE3E4}
		{7E7D689F-9EAE-422E-B715-53BD6F573E28} = {2F044CC9-D8F9-4AC7-BA2C-827AD39783E0}
		{61429105-95E0-4E53-8623-730456BCDB0A} = {2F044CC9-D8F9-4AC7-BA2C-827AD39783E0}
		{8ACE0F99-7CDB-452C-A690-9987C945A913} = {B78925F1-71AA-4A93-A4FC-C8E971EA9087}
		{4FFF015C-225F-4D4A-9AAD-A8B065B9CEA1} = {A4F0D595-C8E7-4505-BA96-60BE10B856A1}
		{80BF2AAA-A640-47C3-9148-CAD1C87F99CE} = {A4F0D595-C8E7-4505-BA96-60BE10B856A1}
		{A2E5AE6C-0FD1-4964-88D5-F5E6BC64B68E} = {4848BD8E-EC3B-456A-B315-60E6C41D8C4A}
		{3EB9DBB1-4831-4BFB-B663-416D9A5435CC} = {C76D5C28-5457-4D3F-BE11-A2C3E49751DC}
		{B6B11225-CBD5-4C19-AA2C-B7B033B77A8A} = {48F0AAB3-F150-4637-BB78-1977315842CB}
		{00646239-ACD7-4742-90C6-7161336EDE60} = {B12229F5-7A2D-4D00-9E7E-7E7AEA973A94}
		{8C6F5287-07FC-4298-A292-9F3565696862} = {B12229F5-7A2D-4D00-9E7E-7E7AEA973A94}
		{212852AB-934D-40DC-9526-63AA4A34CC0F} = {03D27486-E668-48B1-91C9-E41C2241C870}
		{856CBF08-C171-43E0-BEFF-2F4495C1010C} = {CF94231A-6131-44CF-BAD8-825C680E3C37}
		{FDF3E13F-EE06-4F88-91B0-BDFFCDF2519C} = {CF94231A-6131-44CF-BAD8-825C680E3C37}
		{CAA9E3D4-44D4-4673-9548-DBE382B7D3E6} = {CF94231A-6131-44CF-BAD8-825C680E3C37}
		{D6F2D30F-13C5-43B5-B12B-28B60CFC07E1} = {B12229F5-7A2D-4D00-9E7E-7E7AEA973A94}
		{FED72140-5C4D-48A2-8402-3D2843548FC6} = {B12229F5-7A2D-4D00-9E7E-7E7AEA973A94}
		{40F36251-4FEE-4AB3-B803-E4E3C5ED2C4A} = {B12229F5-7A2D-4D00-9E7E-7E7AEA973A94}
		{92EAA5A1-8876-4ECA-BE8F-A2A74D0D9D12} = {B12229F5-7A2D-4D00-9E7E-7E7AEA973A94}
		{493FB418-3689-4010-9D74-1582DB289892} = {03D27486-E668-48B1-91C9-E41C2241C870}
		{533DB6F1-51B2-4B6D-923B-BFD512EDF8A4} = {03D27486-E668-48B1-91C9-E41C2241C870}
		{D8159087-C782-4269-BD58-8D656EA791A5} = {FBE1BA08-5C21-4622-BA34-7BA169F343D4}
		{9F8C9F47-710B-4CF0-87EA-48421FD36F91} = {FBE1BA08-5C21-4622-BA34-7BA169F343D4}
		{D695F7B3-BD4D-4107-BA2F-8A5CA89AFB56} = {FBE1BA08-5C21-4622-BA34-7BA169F343D4}
	EndGlobalSection
	GlobalSection(ExtensibilityGlobals) = postSolution
		SolutionGuid = {FDA9F813-C3B3-4C0A-90DF-A2015176C880}
	EndGlobalSection
EndGlobal
